// !$*UTF8*$!
{
	archiveVersion = 1;
	classes = {
	};
	objectVersion = 56;
	objects = {

/* Begin PBXBuildFile section */
		688FAA0C2B9ED3DB00B4A5A8 /* AppDelegate.swift in Sources */ = {isa = PBXBuildFile; fileRef = 688FAA0B2B9ED3DB00B4A5A8 /* AppDelegate.swift */; };
		688FAA0E2B9ED3DB00B4A5A8 /* SceneDelegate.swift in Sources */ = {isa = PBXBuildFile; fileRef = 688FAA0D2B9ED3DB00B4A5A8 /* SceneDelegate.swift */; };
		688FAA102B9ED3DB00B4A5A8 /* ViewController.swift in Sources */ = {isa = PBXBuildFile; fileRef = 688FAA0F2B9ED3DB00B4A5A8 /* ViewController.swift */; };
		688FAA132B9ED3DB00B4A5A8 /* Main.storyboard in Resources */ = {isa = PBXBuildFile; fileRef = 688FAA112B9ED3DB00B4A5A8 /* Main.storyboard */; };
		688FAA152B9ED3DC00B4A5A8 /* Assets.xcassets in Resources */ = {isa = PBXBuildFile; fileRef = 688FAA142B9ED3DC00B4A5A8 /* Assets.xcassets */; };
		688FAA182B9ED3DC00B4A5A8 /* LaunchScreen.storyboard in Resources */ = {isa = PBXBuildFile; fileRef = 688FAA162B9ED3DC00B4A5A8 /* LaunchScreen.storyboard */; };
		688FAA202B9ED46400B4A5A8 /* Post.swift in Sources */ = {isa = PBXBuildFile; fileRef = 688FAA1F2B9ED46400B4A5A8 /* Post.swift */; };
/* End PBXBuildFile section */

/* Begin PBXFileReference section */
		688FAA082B9ED3DB00B4A5A8 /* 22_01_24_WebServicesDemo.app */ = {isa = PBXFileReference; explicitFileType = wrapper.application; includeInIndex = 0; path = 22_01_24_WebServicesDemo.app; sourceTree = BUILT_PRODUCTS_DIR; };
		688FAA0B2B9ED3DB00B4A5A8 /* AppDelegate.swift */ = {isa = PBXFileReference; lastKnownFileType = sourcecode.swift; path = AppDelegate.swift; sourceTree = "<group>"; };
		688FAA0D2B9ED3DB00B4A5A8 /* SceneDelegate.swift */ = {isa = PBXFileReference; lastKnownFileType = sourcecode.swift; path = SceneDelegate.swift; sourceTree = "<group>"; };
		688FAA0F2B9ED3DB00B4A5A8 /* ViewController.swift */ = {isa = PBXFileReference; lastKnownFileType = sourcecode.swift; path = ViewController.swift; sourceTree = "<group>"; };
		688FAA122B9ED3DB00B4A5A8 /* Base */ = {isa = PBXFileReference; lastKnownFileType = file.storyboard; name = Base; path = Base.lproj/Main.storyboard; sourceTree = "<group>"; };
		688FAA142B9ED3DC00B4A5A8 /* Assets.xcassets */ = {isa = PBXFileReference; lastKnownFileType = folder.assetcatalog; path = Assets.xcassets; sourceTree = "<group>"; };
		688FAA172B9ED3DC00B4A5A8 /* Base */ = {isa = PBXFileReference; lastKnownFileType = file.storyboard; name = Base; path = Base.lproj/LaunchScreen.storyboard; sourceTree = "<group>"; };
		688FAA192B9ED3DC00B4A5A8 /* Info.plist */ = {isa = PBXFileReference; lastKnownFileType = text.plist.xml; path = Info.plist; sourceTree = "<group>"; };
		688FAA1F2B9ED46400B4A5A8 /* Post.swift */ = {isa = PBXFileReference; lastKnownFileType = sourcecode.swift; path = Post.swift; sourceTree = "<group>"; };
/* End PBXFileReference section */

/* Begin PBXFrameworksBuildPhase section */
		688FAA052B9ED3DB00B4A5A8 /* Frameworks */ = {
			isa = PBXFrameworksBuildPhase;
			buildActionMask = 2147483647;
			files = (
			);
			runOnlyForDeploymentPostprocessing = 0;
		};
/* End PBXFrameworksBuildPhase section */

/* Begin PBXGroup section */
		688FA9FF2B9ED3DA00B4A5A8 = {
			isa = PBXGroup;
			children = (
				688FAA0A2B9ED3DB00B4A5A8 /* 22_01_24_WebServicesDemo */,
				688FAA092B9ED3DB00B4A5A8 /* Products */,
			);
			sourceTree = "<group>";
		};
		688FAA092B9ED3DB00B4A5A8 /* Products */ = {
			isa = PBXGroup;
			children = (
				688FAA082B9ED3DB00B4A5A8 /* 22_01_24_WebServicesDemo.app */,
			);
			name = Products;
			sourceTree = "<group>";
		};
		688FAA0A2B9ED3DB00B4A5A8 /* 22_01_24_WebServicesDemo */ = {
			isa = PBXGroup;
			children = (
				688FAA0B2B9ED3DB00B4A5A8 /* AppDelegate.swift */,
				688FAA0D2B9ED3DB00B4A5A8 /* SceneDelegate.swift */,
				688FAA0F2B9ED3DB00B4A5A8 /* ViewController.swift */,
				688FAA112B9ED3DB00B4A5A8 /* Main.storyboard */,
				688FAA142B9ED3DC00B4A5A8 /* Assets.xcassets */,
				688FAA162B9ED3DC00B4A5A8 /* LaunchScreen.storyboard */,
				688FAA192B9ED3DC00B4A5A8 /* Info.plist */,
				688FAA1F2B9ED46400B4A5A8 /* Post.swift */,
			);
			path = 22_01_24_WebServicesDemo;
			sourceTree = "<group>";
		};
/* End PBXGroup section */

/* Begin PBXNativeTarget section */
		688FAA072B9ED3DB00B4A5A8 /* 22_01_24_WebServicesDemo */ = {
			isa = PBXNativeTarget;
			buildConfigurationList = 688FAA1C2B9ED3DC00B4A5A8 /* Build configuration list for PBXNativeTarget "22_01_24_WebServicesDemo" */;
			buildPhases = (
				688FAA042B9ED3DB00B4A5A8 /* Sources */,
				688FAA052B9ED3DB00B4A5A8 /* Frameworks */,
				688FAA062B9ED3DB00B4A5A8 /* Resources */,
			);
			buildRules = (
			);
			dependencies = (
			);
			name = 22_01_24_WebServicesDemo;
			productName = 22_01_24_WebServicesDemo;
			productReference = 688FAA082B9ED3DB00B4A5A8 /* 22_01_24_WebServicesDemo.app */;
			productType = "com.apple.product-type.application";
		};
/* End PBXNativeTarget section */

/* Begin PBXProject section */
		688FAA002B9ED3DA00B4A5A8 /* Project object */ = {
			isa = PBXProject;
			attributes = {
				BuildIndependentTargetsInParallel = 1;
				LastSwiftUpdateCheck = 1400;
				LastUpgradeCheck = 1400;
				TargetAttributes = {
					688FAA072B9ED3DB00B4A5A8 = {
						CreatedOnToolsVersion = 14.0;
					};
				};
			};
			buildConfigurationList = 688FAA032B9ED3DA00B4A5A8 /* Build configuration list for PBXProject "22_01_24_WebServicesDemo" */;
			compatibilityVersion = "Xcode 14.0";
			developmentRegion = en;
			hasScannedForEncodings = 0;
			knownRegions = (
				en,
				Base,
			);
			mainGroup = 688FA9FF2B9ED3DA00B4A5A8;
			productRefGroup = 688FAA092B9ED3DB00B4A5A8 /* Products */;
			projectDirPath = "";
			projectRoot = "";
			targets = (
				688FAA072B9ED3DB00B4A5A8 /* 22_01_24_WebServicesDemo */,
			);
		};
/* End PBXProject section */

/* Begin PBXResourcesBuildPhase section */
		688FAA062B9ED3DB00B4A5A8 /* Resources */ = {
			isa = PBXResourcesBuildPhase;
			buildActionMask = 2147483647;
			files = (
				688FAA182B9ED3DC00B4A5A8 /* LaunchScreen.storyboard in Resources */,
				688FAA152B9ED3DC00B4A5A8 /* Assets.xcassets in Resources */,
				688FAA132B9ED3DB00B4A5A8 /* Main.storyboard in Resources */,
			);
			runOnlyForDeploymentPostprocessing = 0;
		};
/* End PBXResourcesBuildPhase section */

/* Begin PBXSourcesBuildPhase section */
		688FAA042B9ED3DB00B4A5A8 /* Sources */ = {
			isa = PBXSourcesBuildPhase;
			buildActionMask = 2147483647;
			files = (
				688FAA102B9ED3DB00B4A5A8 /* ViewController.swift in Sources */,
				688FAA0C2B9ED3DB00B4A5A8 /* AppDelegate.swift in Sources */,
				688FAA0E2B9ED3DB00B4A5A8 /* SceneDelegate.swift in Sources */,
				688FAA202B9ED46400B4A5A8 /* Post.swift in Sources */,
			);
			runOnlyForDeploymentPostprocessing = 0;
		};
/* End PBXSourcesBuildPhase section */

/* Begin PBXVariantGroup section */
		688FAA112B9ED3DB00B4A5A8 /* Main.storyboard */ = {
			isa = PBXVariantGroup;
			children = (
				688FAA122B9ED3DB00B4A5A8 /* Base */,
			);
			name = Main.storyboard;
			sourceTree = "<group>";
		};
		688FAA162B9ED3DC00B4A5A8 /* LaunchScreen.storyboard */ = {
			isa = PBXVariantGroup;
			children = (
				688FAA172B9ED3DC00B4A5A8 /* Base */,
			);
			name = LaunchScreen.storyboard;
			sourceTree = "<group>";
		};
/* End PBXVariantGroup section */

/* Begin XCBuildConfiguration section */
		688FAA1A2B9ED3DC00B4A5A8 /* Debug */ = {
			isa = XCBuildConfiguration;
			buildSettings = {
				ALWAYS_SEARCH_USER_PATHS = NO;
				CLANG_ANALYZER_NONNULL = YES;
				CLANG_ANALYZER_NUMBER_OBJECT_CONVERSION = YES_AGGRESSIVE;
				CLANG_CXX_LANGUAGE_STANDARD = "gnu++20";
				CLANG_ENABLE_MODULES = YES;
				CLANG_ENABLE_OBJC_ARC = YES;
				CLANG_ENABLE_OBJC_WEAK = YES;
				CLANG_WARN_BLOCK_CAPTURE_AUTORELEASING = YES;
				CLANG_WARN_BOOL_CONVERSION = YES;
				CLANG_WARN_COMMA = YES;
				CLANG_WARN_CONSTANT_CONVERSION = YES;
				CLANG_WARN_DEPRECATED_OBJC_IMPLEMENTATIONS = YES;
				CLANG_WARN_DIRECT_OBJC_ISA_USAGE = YES_ERROR;
				CLANG_WARN_DOCUMENTATION_COMMENTS = YES;
				CLANG_WARN_EMPTY_BODY = YES;
				CLANG_WARN_ENUM_CONVERSION = YES;
				CLANG_WARN_INFINITE_RECURSION = YES;
				CLANG_WARN_INT_CONVERSION = YES;
				CLANG_WARN_NON_LITERAL_NULL_CONVERSION = YES;
				CLANG_WARN_OBJC_IMPLICIT_RETAIN_SELF = YES;
				CLANG_WARN_OBJC_LITERAL_CONVERSION = YES;
				CLANG_WARN_OBJC_ROOT_CLASS = YES_ERROR;
				CLANG_WARN_QUOTED_INCLUDE_IN_FRAMEWORK_HEADER = YES;
				CLANG_WARN_RANGE_LOOP_ANALYSIS = YES;
				CLANG_WARN_STRICT_PROTOTYPES = YES;
				CLANG_WARN_SUSPICIOUS_MOVE = YES;
				CLANG_WARN_UNGUARDED_AVAILABILITY = YES_AGGRESSIVE;
				CLANG_WARN_UNREACHABLE_CODE = YES;
				CLANG_WARN__DUPLICATE_METHOD_MATCH = YES;
				COPY_PHASE_STRIP = NO;
				DEBUG_INFORMATION_FORMAT = dwarf;
				ENABLE_STRICT_OBJC_MSGSEND = YES;
				ENABLE_TESTABILITY = YES;
				GCC_C_LANGUAGE_STANDARD = gnu11;
				GCC_DYNAMIC_NO_PIC = NO;
				GCC_NO_COMMON_BLOCKS = YES;
				GCC_OPTIMIZATION_LEVEL = 0;
				GCC_PREPROCESSOR_DEFINITIONS = (
					"DEBUG=1",
					"$(inherited)",
				);
				GCC_WARN_64_TO_32_BIT_CONVERSION = YES;
				GCC_WARN_ABOUT_RETURN_TYPE = YES_ERROR;
				GCC_WARN_UNDECLARED_SELECTOR = YES;
				GCC_WARN_UNINITIALIZED_AUTOS = YES_AGGRESSIVE;
				GCC_WARN_UNUSED_FUNCTION = YES;
				GCC_WARN_UNUSED_VARIABLE = YES;
				IPHONEOS_DEPLOYMENT_TARGET = 16.0;
				MTL_ENABLE_DEBUG_INFO = INCLUDE_SOURCE;
				MTL_FAST_MATH = YES;
				ONLY_ACTIVE_ARCH = YES;
				SDKROOT = iphoneos;
				SWIFT_ACTIVE_COMPILATION_CONDITIONS = DEBUG;
				SWIFT_OPTIMIZATION_LEVEL = "-Onone";
			};
			name = Debug;
		};
		688FAA1B2B9ED3DC00B4A5A8 /* Release */ = {
			isa = XCBuildConfiguration;
			buildSettings = {
				ALWAYS_SEARCH_USER_PATHS = NO;
				CLANG_ANALYZER_NONNULL = YES;
				CLANG_ANALYZER_NUMBER_OBJECT_CONVERSION = YES_AGGRESSIVE;
				CLANG_CXX_LANGUAGE_STANDARD = "gnu++20";
				CLANG_ENABLE_MODULES = YES;
				CLANG_ENABLE_OBJC_ARC = YES;
				CLANG_ENABLE_OBJC_WEAK = YES;
				CLANG_WARN_BLOCK_CAPTURE_AUTORELEASING = YES;
				CLANG_WARN_BOOL_CONVERSION = YES;
				CLANG_WARN_COMMA = YES;
				CLANG_WARN_CONSTANT_CONVERSION = YES;
				CLANG_WARN_DEPRECATED_OBJC_IMPLEMENTATIONS = YES;
				CLANG_WARN_DIRECT_OBJC_ISA_USAGE = YES_ERROR;
				CLANG_WARN_DOCUMENTATION_COMMENTS = YES;
				CLANG_WARN_EMPTY_BODY = YES;
				CLANG_WARN_ENUM_CONVERSION = YES;
				CLANG_WARN_INFINITE_RECURSION = YES;
				CLANG_WARN_INT_CONVERSION = YES;
				CLANG_WARN_NON_LITERAL_NULL_CONVERSION = YES;
				CLANG_WARN_OBJC_IMPLICIT_RETAIN_SELF = YES;
				CLANG_WARN_OBJC_LITERAL_CONVERSION = YES;
				CLANG_WARN_OBJC_ROOT_CLASS = YES_ERROR;
				CLANG_WARN_QUOTED_INCLUDE_IN_FRAMEWORK_HEADER = YES;
				CLANG_WARN_RANGE_LOOP_ANALYSIS = YES;
				CLANG_WARN_STRICT_PROTOTYPES = YES;
				CLANG_WARN_SUSPICIOUS_MOVE = YES;
				CLANG_WARN_UNGUARDED_AVAILABILITY = YES_AGGRESSIVE;
				CLANG_WARN_UNREACHABLE_CODE = YES;
				CLANG_WARN__DUPLICATE_METHOD_MATCH = YES;
				COPY_PHASE_STRIP = NO;
				DEBUG_INFORMATION_FORMAT = "dwarf-with-dsym";
				ENABLE_NS_ASSERTIONS = NO;
				ENABLE_STRICT_OBJC_MSGSEND = YES;
				GCC_C_LANGUAGE_STANDARD = gnu11;
				GCC_NO_COMMON_BLOCKS = YES;
				GCC_WARN_64_TO_32_BIT_CONVERSION = YES;
				GCC_WARN_ABOUT_RETURN_TYPE = YES_ERROR;
				GCC_WARN_UNDECLARED_SELECTOR = YES;
				GCC_WARN_UNINITIALIZED_AUTOS = YES_AGGRESSIVE;
				GCC_WARN_UNUSED_FUNCTION = YES;
				GCC_WARN_UNUSED_VARIABLE = YES;
				IPHONEOS_DEPLOYMENT_TARGET = 16.0;
				MTL_ENABLE_DEBUG_INFO = NO;
				MTL_FAST_MATH = YES;
				SDKROOT = iphoneos;
				SWIFT_COMPILATION_MODE = wholemodule;
				SWIFT_OPTIMIZATION_LEVEL = "-O";
				VALIDATE_PRODUCT = YES;
			};
			name = Release;
		};
		688FAA1D2B9ED3DC00B4A5A8 /* Debug */ = {
			isa = XCBuildConfiguration;
			buildSettings = {
				ASSETCATALOG_COMPILER_APPICON_NAME = AppIcon;
				ASSETCATALOG_COMPILER_GLOBAL_ACCENT_COLOR_NAME = AccentColor;
				CODE_SIGN_STYLE = Automatic;
				CURRENT_PROJECT_VERSION = 1;
				DEVELOPMENT_TEAM = W669X37752;
				GENERATE_INFOPLIST_FILE = YES;
				INFOPLIST_FILE = 22_01_24_WebServicesDemo/Info.plist;
				INFOPLIST_KEY_UIApplicationSupportsIndirectInputEvents = YES;
				INFOPLIST_KEY_UILaunchStoryboardName = LaunchScreen;
				INFOPLIST_KEY_UIMainStoryboardFile = Main;
				INFOPLIST_KEY_UISupportedInterfaceOrientations_iPad = "UIInterfaceOrientationPortrait UIInterfaceOrientationPortraitUpsideDown UIInterfaceOrientationLandscapeLeft UIInterfaceOrientationLandscapeRight";
				INFOPLIST_KEY_UISupportedInterfaceOrientations_iPhone = "UIInterfaceOrientationPortrait UIInterfaceOrientationLandscapeLeft UIInterfaceOrientationLandscapeRight";
				LD_RUNPATH_SEARCH_PATHS = (
					"$(inherited)",
					"@executable_path/Frameworks",
				);
				MARKETING_VERSION = 1.0;
				PRODUCT_BUNDLE_IDENTIFIER = "in.bitcode.-2-01-24-WebServicesDemo";
				PRODUCT_NAME = "$(TARGET_NAME)";
				SWIFT_EMIT_LOC_STRINGS = YES;
				SWIFT_VERSION = 5.0;
				TARGETED_DEVICE_FAMILY = "1,2";
			};
			name = Debug;
		};
		688FAA1E2B9ED3DC00B4A5A8 /* Release */ = {
			isa = XCBuildConfiguration;
			buildSettings = {
				ASSETCATALOG_COMPILER_APPICON_NAME = AppIcon;
				ASSETCATALOG_COMPILER_GLOBAL_ACCENT_COLOR_NAME = AccentColor;
				CODE_SIGN_STYLE = Automatic;
				CURRENT_PROJECT_VERSION = 1;
				DEVELOPMENT_TEAM = W669X37752;
				GENERATE_INFOPLIST_FILE = YES;
				INFOPLIST_FILE = 22_01_24_WebServicesDemo/Info.plist;
				INFOPLIST_KEY_UIApplicationSupportsIndirectInputEvents = YES;
				INFOPLIST_KEY_UILaunchStoryboardName = LaunchScreen;
				INFOPLIST_KEY_UIMainStoryboardFile = Main;
				INFOPLIST_KEY_UISupportedInterfaceOrientations_iPad = "UIInterfaceOrientationPortrait UIInterfaceOrientationPortraitUpsideDown UIInterfaceOrientationLandscapeLeft UIInterfaceOrientationLandscapeRight";
				INFOPLIST_KEY_UISupportedInterfaceOrientations_iPhone = "UIInterfaceOrientationPortrait UIInterfaceOrientationLandscapeLeft UIInterfaceOrientationLandscapeRight";
				LD_RUNPATH_SEARCH_PATHS = (
					"$(inherited)",
					"@executable_path/Frameworks",
				);
				MARKETING_VERSION = 1.0;
				PRODUCT_BUNDLE_IDENTIFIER = "in.bitcode.-2-01-24-WebServicesDemo";
				PRODUCT_NAME = "$(TARGET_NAME)";
				SWIFT_EMIT_LOC_STRINGS = YES;
				SWIFT_VERSION = 5.0;
				TARGETED_DEVICE_FAMILY = "1,2";
			};
			name = Release;
		};
/* End XCBuildConfiguration section */

/* Begin XCConfigurationList section */
		688FAA032B9ED3DA00B4A5A8 /* Build configuration list for PBXProject "22_01_24_WebServicesDemo" */ = {
			isa = XCConfigurationList;
			buildConfigurations = (
				688FAA1A2B9ED3DC00B4A5A8 /* Debug */,
				688FAA1B2B9ED3DC00B4A5A8 /* Release */,
			);
			defaultConfigurationIsVisible = 0;
			defaultConfigurationName = Release;
		};
		688FAA1C2B9ED3DC00B4A5A8 /* Build configuration list for PBXNativeTarget "22_01_24_WebServicesDemo" */ = {
			isa = XCConfigurationList;
			buildConfigurations = (
				688FAA1D2B9ED3DC00B4A5A8 /* Debug */,
				688FAA1E2B9ED3DC00B4A5A8 /* Release */,
			);
			defaultConfigurationIsVisible = 0;
			defaultConfigurationName = Release;
		};
/* End XCConfigurationList section */
	};
	rootObject = 688FAA002B9ED3DA00B4A5A8 /* Project object */;
}
